
Microsoft Visual Studio Solution File, Format Version 10.00
# Visual Studio 2008
Project("{FAE04EC0-301F-11D3-BF4B-00C04F79EFBC}") = "InheritStudent", "InheritStudent\InheritStudent.csproj", "{3A34189A-7FCA-403A-8F05-9EA5C09BBFCD}"
EndProject
Global
	GlobalSection(SolutionConfigurationPlatforms) = preSolution
		Debug|Any CPU = Debug|Any CPU
		Release|Any CPU = Release|Any CPU
	EndGlobalSection
	GlobalSection(ProjectConfigurationPlatforms) = postSolution
		{3A34189A-7FCA-403A-8F05-9EA5C09BBFCD}.Debug|Any CPU.ActiveCfg = Debug|Any CPU
		{3A34189A-7FCA-403A-8F05-9EA5C09BBFCD}.Debug|Any CPU.Build.0 = Debug|Any CPU
		{3A34189A-7FCA-403A-8F05-9EA5C09BBFCD}.Release|Any CPU.ActiveCfg = Release|Any CPU
		{3A34189A-7FCA-403A-8F05-9EA5C09BBFCD}.Release|Any CPU.Build.0 = Release|Any CPU
	EndGlobalSection
	GlobalSection(SolutionProperties) = preSolution
		HideSolutionNode = FALSE
	EndGlobalSection
EndGlobal
