
Microsoft Visual Studio Solution File, Format Version 10.00
# Visual Studio 2008
Project("{FAE04EC0-301F-11D3-BF4B-00C04F79EFBC}") = "DeleToBasicType", "DeleToBasicType\DeleToBasicType.csproj", "{B62915DD-7B4A-4B97-BEB2-BBCA67D09B85}"
EndProject
Global
	GlobalSection(SolutionConfigurationPlatforms) = preSolution
		Debug|Any CPU = Debug|Any CPU
		Release|Any CPU = Release|Any CPU
	EndGlobalSection
	GlobalSection(ProjectConfigurationPlatforms) = postSolution
		{B62915DD-7B4A-4B97-BEB2-BBCA67D09B85}.Debug|Any CPU.ActiveCfg = Debug|Any CPU
		{B62915DD-7B4A-4B97-BEB2-BBCA67D09B85}.Debug|Any CPU.Build.0 = Debug|Any CPU
		{B62915DD-7B4A-4B97-BEB2-BBCA67D09B85}.Release|Any CPU.ActiveCfg = Release|Any CPU
		{B62915DD-7B4A-4B97-BEB2-BBCA67D09B85}.Release|Any CPU.Build.0 = Release|Any CPU
	EndGlobalSection
	GlobalSection(SolutionProperties) = preSolution
		HideSolutionNode = FALSE
	EndGlobalSection
EndGlobal
