
Microsoft Visual Studio Solution File, Format Version 12.00
# Visual Studio Version 16
VisualStudioVersion = 16.0.30717.126
MinimumVisualStudioVersion = 10.0.40219.1
Project("{FAE04EC0-301F-11D3-BF4B-00C04F79EFBC}") = "1201 Form", "1201 Form\1201 Form.csproj", "{B12DA150-3605-47BD-9660-4F0D517D0B96}"
EndProject
Global
	GlobalSection(SolutionConfigurationPlatforms) = preSolution
		Debug|Any CPU = Debug|Any CPU
		Release|Any CPU = Release|Any CPU
	EndGlobalSection
	GlobalSection(ProjectConfigurationPlatforms) = postSolution
		{B12DA150-3605-47BD-9660-4F0D517D0B96}.Debug|Any CPU.ActiveCfg = Debug|Any CPU
		{B12DA150-3605-47BD-9660-4F0D517D0B96}.Debug|Any CPU.Build.0 = Debug|Any CPU
		{B12DA150-3605-47BD-9660-4F0D517D0B96}.Release|Any CPU.ActiveCfg = Release|Any CPU
		{B12DA150-3605-47BD-9660-4F0D517D0B96}.Release|Any CPU.Build.0 = Release|Any CPU
	EndGlobalSection
	GlobalSection(SolutionProperties) = preSolution
		HideSolutionNode = FALSE
	EndGlobalSection
	GlobalSection(ExtensibilityGlobals) = postSolution
		SolutionGuid = {D9592DAB-7A79-4026-97E0-A8DCE6024603}
	EndGlobalSection
EndGlobal
