
Microsoft Visual Studio Solution File, Format Version 10.00
# Visual Studio 2008
Project("{FAE04EC0-301F-11D3-BF4B-00C04F79EFBC}") = "TreeViewSelect", "TreeViewSelect\TreeViewSelect.csproj", "{D8E1B1DA-4DD1-40EB-A7A8-5A0047D1109D}"
EndProject
Global
	GlobalSection(SolutionConfigurationPlatforms) = preSolution
		Debug|Any CPU = Debug|Any CPU
		Release|Any CPU = Release|Any CPU
	EndGlobalSection
	GlobalSection(ProjectConfigurationPlatforms) = postSolution
		{D8E1B1DA-4DD1-40EB-A7A8-5A0047D1109D}.Debug|Any CPU.ActiveCfg = Debug|Any CPU
		{D8E1B1DA-4DD1-40EB-A7A8-5A0047D1109D}.Debug|Any CPU.Build.0 = Debug|Any CPU
		{D8E1B1DA-4DD1-40EB-A7A8-5A0047D1109D}.Release|Any CPU.ActiveCfg = Release|Any CPU
		{D8E1B1DA-4DD1-40EB-A7A8-5A0047D1109D}.Release|Any CPU.Build.0 = Release|Any CPU
	EndGlobalSection
	GlobalSection(SolutionProperties) = preSolution
		HideSolutionNode = FALSE
	EndGlobalSection
EndGlobal
