
Microsoft Visual Studio Solution File, Format Version 12.00
# Visual Studio Version 16
VisualStudioVersion = 16.0.30225.117
MinimumVisualStudioVersion = 10.0.40219.1
Project("{FAE04EC0-301F-11D3-BF4B-00C04F79EFBC}") = "1103xml과db연결", "1103xml과db연결\1103xml과db연결.csproj", "{B296B4EB-1E30-4309-9AAF-9C94DCCFC48C}"
EndProject
Global
	GlobalSection(SolutionConfigurationPlatforms) = preSolution
		Debug|Any CPU = Debug|Any CPU
		Release|Any CPU = Release|Any CPU
	EndGlobalSection
	GlobalSection(ProjectConfigurationPlatforms) = postSolution
		{B296B4EB-1E30-4309-9AAF-9C94DCCFC48C}.Debug|Any CPU.ActiveCfg = Debug|Any CPU
		{B296B4EB-1E30-4309-9AAF-9C94DCCFC48C}.Debug|Any CPU.Build.0 = Debug|Any CPU
		{B296B4EB-1E30-4309-9AAF-9C94DCCFC48C}.Release|Any CPU.ActiveCfg = Release|Any CPU
		{B296B4EB-1E30-4309-9AAF-9C94DCCFC48C}.Release|Any CPU.Build.0 = Release|Any CPU
	EndGlobalSection
	GlobalSection(SolutionProperties) = preSolution
		HideSolutionNode = FALSE
	EndGlobalSection
	GlobalSection(ExtensibilityGlobals) = postSolution
		SolutionGuid = {757473B2-B405-4589-B961-61D08284469C}
	EndGlobalSection
EndGlobal
