
Microsoft Visual Studio Solution File, Format Version 10.00
# Visual Studio 2008
Project("{FAE04EC0-301F-11D3-BF4B-00C04F79EFBC}") = "Jopok", "Jopok\Jopok.csproj", "{96DC4A6E-348E-4D09-9BED-1F539223CEDF}"
EndProject
Global
	GlobalSection(SolutionConfigurationPlatforms) = preSolution
		Debug|Any CPU = Debug|Any CPU
		Release|Any CPU = Release|Any CPU
	EndGlobalSection
	GlobalSection(ProjectConfigurationPlatforms) = postSolution
		{96DC4A6E-348E-4D09-9BED-1F539223CEDF}.Debug|Any CPU.ActiveCfg = Debug|Any CPU
		{96DC4A6E-348E-4D09-9BED-1F539223CEDF}.Debug|Any CPU.Build.0 = Debug|Any CPU
		{96DC4A6E-348E-4D09-9BED-1F539223CEDF}.Release|Any CPU.ActiveCfg = Release|Any CPU
		{96DC4A6E-348E-4D09-9BED-1F539223CEDF}.Release|Any CPU.Build.0 = Release|Any CPU
	EndGlobalSection
	GlobalSection(SolutionProperties) = preSolution
		HideSolutionNode = FALSE
	EndGlobalSection
EndGlobal
