
Microsoft Visual Studio Solution File, Format Version 10.00
# Visual Studio 2008
Project("{FAE04EC0-301F-11D3-BF4B-00C04F79EFBC}") = "MainArg", "MainArg\MainArg.csproj", "{301BED23-9DCB-4207-83EC-FECF56E10EBA}"
EndProject
Global
	GlobalSection(SolutionConfigurationPlatforms) = preSolution
		Debug|Any CPU = Debug|Any CPU
		Release|Any CPU = Release|Any CPU
	EndGlobalSection
	GlobalSection(ProjectConfigurationPlatforms) = postSolution
		{301BED23-9DCB-4207-83EC-FECF56E10EBA}.Debug|Any CPU.ActiveCfg = Debug|Any CPU
		{301BED23-9DCB-4207-83EC-FECF56E10EBA}.Debug|Any CPU.Build.0 = Debug|Any CPU
		{301BED23-9DCB-4207-83EC-FECF56E10EBA}.Release|Any CPU.ActiveCfg = Release|Any CPU
		{301BED23-9DCB-4207-83EC-FECF56E10EBA}.Release|Any CPU.Build.0 = Release|Any CPU
	EndGlobalSection
	GlobalSection(SolutionProperties) = preSolution
		HideSolutionNode = FALSE
	EndGlobalSection
EndGlobal
