
Microsoft Visual Studio Solution File, Format Version 9.00
# Visual Studio 2005
Project("{FAE04EC0-301F-11D3-BF4B-00C04F79EFBC}") = "TreeviewExam", "TreeviewExam\TreeviewExam.csproj", "{9D09E39C-36BB-4CE9-9034-878306986A42}"
EndProject
Global
	GlobalSection(SolutionConfigurationPlatforms) = preSolution
		Debug|Any CPU = Debug|Any CPU
		Release|Any CPU = Release|Any CPU
	EndGlobalSection
	GlobalSection(ProjectConfigurationPlatforms) = postSolution
		{9D09E39C-36BB-4CE9-9034-878306986A42}.Debug|Any CPU.ActiveCfg = Debug|Any CPU
		{9D09E39C-36BB-4CE9-9034-878306986A42}.Debug|Any CPU.Build.0 = Debug|Any CPU
		{9D09E39C-36BB-4CE9-9034-878306986A42}.Release|Any CPU.ActiveCfg = Release|Any CPU
		{9D09E39C-36BB-4CE9-9034-878306986A42}.Release|Any CPU.Build.0 = Release|Any CPU
	EndGlobalSection
	GlobalSection(SolutionProperties) = preSolution
		HideSolutionNode = FALSE
	EndGlobalSection
EndGlobal
