
Microsoft Visual Studio Solution File, Format Version 10.00
# Visual Studio 2008
Project("{FAE04EC0-301F-11D3-BF4B-00C04F79EFBC}") = "PrintPreview", "PrintPreview\PrintPreview.csproj", "{89CC8799-36C5-4B19-9549-14FBF7D54725}"
EndProject
Global
	GlobalSection(SolutionConfigurationPlatforms) = preSolution
		Debug|Any CPU = Debug|Any CPU
		Release|Any CPU = Release|Any CPU
	EndGlobalSection
	GlobalSection(ProjectConfigurationPlatforms) = postSolution
		{89CC8799-36C5-4B19-9549-14FBF7D54725}.Debug|Any CPU.ActiveCfg = Debug|Any CPU
		{89CC8799-36C5-4B19-9549-14FBF7D54725}.Debug|Any CPU.Build.0 = Debug|Any CPU
		{89CC8799-36C5-4B19-9549-14FBF7D54725}.Release|Any CPU.ActiveCfg = Release|Any CPU
		{89CC8799-36C5-4B19-9549-14FBF7D54725}.Release|Any CPU.Build.0 = Release|Any CPU
	EndGlobalSection
	GlobalSection(SolutionProperties) = preSolution
		HideSolutionNode = FALSE
	EndGlobalSection
EndGlobal
