
Microsoft Visual Studio Solution File, Format Version 10.00
# Visual Studio 2008
Project("{FAE04EC0-301F-11D3-BF4B-00C04F79EFBC}") = "GetFiles", "GetFiles\GetFiles.csproj", "{91F62B84-CE6B-452D-B364-F35E99B93646}"
EndProject
Global
	GlobalSection(SolutionConfigurationPlatforms) = preSolution
		Debug|Any CPU = Debug|Any CPU
		Release|Any CPU = Release|Any CPU
	EndGlobalSection
	GlobalSection(ProjectConfigurationPlatforms) = postSolution
		{91F62B84-CE6B-452D-B364-F35E99B93646}.Debug|Any CPU.ActiveCfg = Debug|Any CPU
		{91F62B84-CE6B-452D-B364-F35E99B93646}.Debug|Any CPU.Build.0 = Debug|Any CPU
		{91F62B84-CE6B-452D-B364-F35E99B93646}.Release|Any CPU.ActiveCfg = Release|Any CPU
		{91F62B84-CE6B-452D-B364-F35E99B93646}.Release|Any CPU.Build.0 = Release|Any CPU
	EndGlobalSection
	GlobalSection(SolutionProperties) = preSolution
		HideSolutionNode = FALSE
	EndGlobalSection
EndGlobal
