
Microsoft Visual Studio Solution File, Format Version 10.00
# Visual Studio 2008
Project("{FAE04EC0-301F-11D3-BF4B-00C04F79EFBC}") = "Validation2", "Validation2\Validation2.csproj", "{B647A523-9F79-49FA-BDF5-B58997EA8B5A}"
EndProject
Global
	GlobalSection(SolutionConfigurationPlatforms) = preSolution
		Debug|Any CPU = Debug|Any CPU
		Release|Any CPU = Release|Any CPU
	EndGlobalSection
	GlobalSection(ProjectConfigurationPlatforms) = postSolution
		{B647A523-9F79-49FA-BDF5-B58997EA8B5A}.Debug|Any CPU.ActiveCfg = Debug|Any CPU
		{B647A523-9F79-49FA-BDF5-B58997EA8B5A}.Debug|Any CPU.Build.0 = Debug|Any CPU
		{B647A523-9F79-49FA-BDF5-B58997EA8B5A}.Release|Any CPU.ActiveCfg = Release|Any CPU
		{B647A523-9F79-49FA-BDF5-B58997EA8B5A}.Release|Any CPU.Build.0 = Release|Any CPU
	EndGlobalSection
	GlobalSection(SolutionProperties) = preSolution
		HideSolutionNode = FALSE
	EndGlobalSection
EndGlobal
