
Microsoft Visual Studio Solution File, Format Version 10.00
# Visual Studio 2008
Project("{FAE04EC0-301F-11D3-BF4B-00C04F79EFBC}") = "PathTest", "PathTest\PathTest.csproj", "{CBA07926-17F9-46AC-AE9C-2D29F85DF2C5}"
EndProject
Global
	GlobalSection(SolutionConfigurationPlatforms) = preSolution
		Debug|Any CPU = Debug|Any CPU
		Release|Any CPU = Release|Any CPU
	EndGlobalSection
	GlobalSection(ProjectConfigurationPlatforms) = postSolution
		{CBA07926-17F9-46AC-AE9C-2D29F85DF2C5}.Debug|Any CPU.ActiveCfg = Debug|Any CPU
		{CBA07926-17F9-46AC-AE9C-2D29F85DF2C5}.Debug|Any CPU.Build.0 = Debug|Any CPU
		{CBA07926-17F9-46AC-AE9C-2D29F85DF2C5}.Release|Any CPU.ActiveCfg = Release|Any CPU
		{CBA07926-17F9-46AC-AE9C-2D29F85DF2C5}.Release|Any CPU.Build.0 = Release|Any CPU
	EndGlobalSection
	GlobalSection(SolutionProperties) = preSolution
		HideSolutionNode = FALSE
	EndGlobalSection
EndGlobal
