
Microsoft Visual Studio Solution File, Format Version 10.00
# Visual Studio 2008
Project("{FAE04EC0-301F-11D3-BF4B-00C04F79EFBC}") = "Destructor2", "Destructor2\Destructor2.csproj", "{6080F630-F50C-4343-BC2B-DF44F09D003E}"
EndProject
Global
	GlobalSection(SolutionConfigurationPlatforms) = preSolution
		Debug|Any CPU = Debug|Any CPU
		Release|Any CPU = Release|Any CPU
	EndGlobalSection
	GlobalSection(ProjectConfigurationPlatforms) = postSolution
		{6080F630-F50C-4343-BC2B-DF44F09D003E}.Debug|Any CPU.ActiveCfg = Debug|Any CPU
		{6080F630-F50C-4343-BC2B-DF44F09D003E}.Debug|Any CPU.Build.0 = Debug|Any CPU
		{6080F630-F50C-4343-BC2B-DF44F09D003E}.Release|Any CPU.ActiveCfg = Release|Any CPU
		{6080F630-F50C-4343-BC2B-DF44F09D003E}.Release|Any CPU.Build.0 = Release|Any CPU
	EndGlobalSection
	GlobalSection(SolutionProperties) = preSolution
		HideSolutionNode = FALSE
	EndGlobalSection
EndGlobal
