
Microsoft Visual Studio Solution File, Format Version 10.00
# Visual Studio 2008
Project("{FAE04EC0-301F-11D3-BF4B-00C04F79EFBC}") = "OwnerDrawList", "OwnerDrawList\OwnerDrawList.csproj", "{08AFB2D8-2D11-49B7-9172-689ACCF86105}"
EndProject
Global
	GlobalSection(SolutionConfigurationPlatforms) = preSolution
		Debug|Any CPU = Debug|Any CPU
		Release|Any CPU = Release|Any CPU
	EndGlobalSection
	GlobalSection(ProjectConfigurationPlatforms) = postSolution
		{08AFB2D8-2D11-49B7-9172-689ACCF86105}.Debug|Any CPU.ActiveCfg = Debug|Any CPU
		{08AFB2D8-2D11-49B7-9172-689ACCF86105}.Debug|Any CPU.Build.0 = Debug|Any CPU
		{08AFB2D8-2D11-49B7-9172-689ACCF86105}.Release|Any CPU.ActiveCfg = Release|Any CPU
		{08AFB2D8-2D11-49B7-9172-689ACCF86105}.Release|Any CPU.Build.0 = Release|Any CPU
	EndGlobalSection
	GlobalSection(SolutionProperties) = preSolution
		HideSolutionNode = FALSE
	EndGlobalSection
EndGlobal
