
Microsoft Visual Studio Solution File, Format Version 10.00
# Visual Studio 2008
Project("{FAE04EC0-301F-11D3-BF4B-00C04F79EFBC}") = "StructCtor", "StructCtor\StructCtor.csproj", "{D71312C2-EEB9-4163-84EE-499DF50DDD4C}"
EndProject
Global
	GlobalSection(SolutionConfigurationPlatforms) = preSolution
		Debug|Any CPU = Debug|Any CPU
		Release|Any CPU = Release|Any CPU
	EndGlobalSection
	GlobalSection(ProjectConfigurationPlatforms) = postSolution
		{D71312C2-EEB9-4163-84EE-499DF50DDD4C}.Debug|Any CPU.ActiveCfg = Debug|Any CPU
		{D71312C2-EEB9-4163-84EE-499DF50DDD4C}.Debug|Any CPU.Build.0 = Debug|Any CPU
		{D71312C2-EEB9-4163-84EE-499DF50DDD4C}.Release|Any CPU.ActiveCfg = Release|Any CPU
		{D71312C2-EEB9-4163-84EE-499DF50DDD4C}.Release|Any CPU.Build.0 = Release|Any CPU
	EndGlobalSection
	GlobalSection(SolutionProperties) = preSolution
		HideSolutionNode = FALSE
	EndGlobalSection
EndGlobal
