
Microsoft Visual Studio Solution File, Format Version 10.00
# Visual Studio 2008
Project("{FAE04EC0-301F-11D3-BF4B-00C04F79EFBC}") = "If", "If\If.csproj", "{783A4F02-DB29-4AED-811A-8EC3A8196B34}"
EndProject
Global
	GlobalSection(SolutionConfigurationPlatforms) = preSolution
		Debug|Any CPU = Debug|Any CPU
		Release|Any CPU = Release|Any CPU
	EndGlobalSection
	GlobalSection(ProjectConfigurationPlatforms) = postSolution
		{783A4F02-DB29-4AED-811A-8EC3A8196B34}.Debug|Any CPU.ActiveCfg = Debug|Any CPU
		{783A4F02-DB29-4AED-811A-8EC3A8196B34}.Debug|Any CPU.Build.0 = Debug|Any CPU
		{783A4F02-DB29-4AED-811A-8EC3A8196B34}.Release|Any CPU.ActiveCfg = Release|Any CPU
		{783A4F02-DB29-4AED-811A-8EC3A8196B34}.Release|Any CPU.Build.0 = Release|Any CPU
	EndGlobalSection
	GlobalSection(SolutionProperties) = preSolution
		HideSolutionNode = FALSE
	EndGlobalSection
EndGlobal
