
Microsoft Visual Studio Solution File, Format Version 9.00
# Visual Studio 2005
Project("{FAE04EC0-301F-11D3-BF4B-00C04F79EFBC}") = "ToolTipExam", "ToolTipExam\ToolTipExam.csproj", "{A92F1CC4-D5E8-45EF-8C18-943296D03BFC}"
EndProject
Global
	GlobalSection(SolutionConfigurationPlatforms) = preSolution
		Debug|Any CPU = Debug|Any CPU
		Release|Any CPU = Release|Any CPU
	EndGlobalSection
	GlobalSection(ProjectConfigurationPlatforms) = postSolution
		{A92F1CC4-D5E8-45EF-8C18-943296D03BFC}.Debug|Any CPU.ActiveCfg = Debug|Any CPU
		{A92F1CC4-D5E8-45EF-8C18-943296D03BFC}.Debug|Any CPU.Build.0 = Debug|Any CPU
		{A92F1CC4-D5E8-45EF-8C18-943296D03BFC}.Release|Any CPU.ActiveCfg = Release|Any CPU
		{A92F1CC4-D5E8-45EF-8C18-943296D03BFC}.Release|Any CPU.Build.0 = Release|Any CPU
	EndGlobalSection
	GlobalSection(SolutionProperties) = preSolution
		HideSolutionNode = FALSE
	EndGlobalSection
EndGlobal
