
Microsoft Visual Studio Solution File, Format Version 10.00
# Visual Studio 2008
Project("{FAE04EC0-301F-11D3-BF4B-00C04F79EFBC}") = "DragDrop", "DragDrop\DragDrop.csproj", "{530B97CE-F665-4E12-B8AA-288F34BAC726}"
EndProject
Global
	GlobalSection(SolutionConfigurationPlatforms) = preSolution
		Debug|Any CPU = Debug|Any CPU
		Release|Any CPU = Release|Any CPU
	EndGlobalSection
	GlobalSection(ProjectConfigurationPlatforms) = postSolution
		{530B97CE-F665-4E12-B8AA-288F34BAC726}.Debug|Any CPU.ActiveCfg = Debug|Any CPU
		{530B97CE-F665-4E12-B8AA-288F34BAC726}.Debug|Any CPU.Build.0 = Debug|Any CPU
		{530B97CE-F665-4E12-B8AA-288F34BAC726}.Release|Any CPU.ActiveCfg = Release|Any CPU
		{530B97CE-F665-4E12-B8AA-288F34BAC726}.Release|Any CPU.Build.0 = Release|Any CPU
	EndGlobalSection
	GlobalSection(SolutionProperties) = preSolution
		HideSolutionNode = FALSE
	EndGlobalSection
EndGlobal
