
Microsoft Visual Studio Solution File, Format Version 9.00
# Visual Studio 2005
Project("{8BC9CEB8-8B4A-11D0-8D11-00A0C91BC942}") = "ListBox", "ListBox.vcproj", "{E6A2C155-24A4-44CA-96AD-73C995393CEF}"
EndProject
Global
	GlobalSection(SolutionConfigurationPlatforms) = preSolution
		Debug|Win32 = Debug|Win32
		Release|Win32 = Release|Win32
	EndGlobalSection
	GlobalSection(ProjectConfigurationPlatforms) = postSolution
		{E6A2C155-24A4-44CA-96AD-73C995393CEF}.Debug|Win32.ActiveCfg = Debug|Win32
		{E6A2C155-24A4-44CA-96AD-73C995393CEF}.Debug|Win32.Build.0 = Debug|Win32
		{E6A2C155-24A4-44CA-96AD-73C995393CEF}.Release|Win32.ActiveCfg = Release|Win32
		{E6A2C155-24A4-44CA-96AD-73C995393CEF}.Release|Win32.Build.0 = Release|Win32
	EndGlobalSection
	GlobalSection(SolutionProperties) = preSolution
		HideSolutionNode = FALSE
	EndGlobalSection
EndGlobal
