
Microsoft Visual Studio Solution File, Format Version 10.00
# Visual Studio 2008
Project("{FAE04EC0-301F-11D3-BF4B-00C04F79EFBC}") = "ImageListTest", "ImageListTest\ImageListTest.csproj", "{218D9643-C587-4534-B364-565CD9ED35CE}"
EndProject
Global
	GlobalSection(SolutionConfigurationPlatforms) = preSolution
		Debug|Any CPU = Debug|Any CPU
		Release|Any CPU = Release|Any CPU
	EndGlobalSection
	GlobalSection(ProjectConfigurationPlatforms) = postSolution
		{218D9643-C587-4534-B364-565CD9ED35CE}.Debug|Any CPU.ActiveCfg = Debug|Any CPU
		{218D9643-C587-4534-B364-565CD9ED35CE}.Debug|Any CPU.Build.0 = Debug|Any CPU
		{218D9643-C587-4534-B364-565CD9ED35CE}.Release|Any CPU.ActiveCfg = Release|Any CPU
		{218D9643-C587-4534-B364-565CD9ED35CE}.Release|Any CPU.Build.0 = Release|Any CPU
	EndGlobalSection
	GlobalSection(SolutionProperties) = preSolution
		HideSolutionNode = FALSE
	EndGlobalSection
EndGlobal
