
Microsoft Visual Studio Solution File, Format Version 12.00
# Visual Studio Version 16
VisualStudioVersion = 16.0.30717.126
MinimumVisualStudioVersion = 10.0.40219.1
Project("{FAE04EC0-301F-11D3-BF4B-00C04F79EFBC}") = "1124TransClient", "1124TransClient\1124TransClient.csproj", "{CCC1E38A-BA43-4984-A1F5-A7FCBAEA5E96}"
EndProject
Global
	GlobalSection(SolutionConfigurationPlatforms) = preSolution
		Debug|Any CPU = Debug|Any CPU
		Release|Any CPU = Release|Any CPU
	EndGlobalSection
	GlobalSection(ProjectConfigurationPlatforms) = postSolution
		{CCC1E38A-BA43-4984-A1F5-A7FCBAEA5E96}.Debug|Any CPU.ActiveCfg = Debug|Any CPU
		{CCC1E38A-BA43-4984-A1F5-A7FCBAEA5E96}.Debug|Any CPU.Build.0 = Debug|Any CPU
		{CCC1E38A-BA43-4984-A1F5-A7FCBAEA5E96}.Release|Any CPU.ActiveCfg = Release|Any CPU
		{CCC1E38A-BA43-4984-A1F5-A7FCBAEA5E96}.Release|Any CPU.Build.0 = Release|Any CPU
	EndGlobalSection
	GlobalSection(SolutionProperties) = preSolution
		HideSolutionNode = FALSE
	EndGlobalSection
	GlobalSection(ExtensibilityGlobals) = postSolution
		SolutionGuid = {5CDB4734-EC4D-46D7-95E0-A40C267D1760}
	EndGlobalSection
EndGlobal
