
Microsoft Visual Studio Solution File, Format Version 10.00
# Visual Studio 2008
Project("{FAE04EC0-301F-11D3-BF4B-00C04F79EFBC}") = "CollectionInitializer", "CollectionInitializer\CollectionInitializer.csproj", "{3DE7073F-744C-42A4-AE3C-763EB26D414D}"
EndProject
Global
	GlobalSection(SolutionConfigurationPlatforms) = preSolution
		Debug|Any CPU = Debug|Any CPU
		Release|Any CPU = Release|Any CPU
	EndGlobalSection
	GlobalSection(ProjectConfigurationPlatforms) = postSolution
		{3DE7073F-744C-42A4-AE3C-763EB26D414D}.Debug|Any CPU.ActiveCfg = Debug|Any CPU
		{3DE7073F-744C-42A4-AE3C-763EB26D414D}.Debug|Any CPU.Build.0 = Debug|Any CPU
		{3DE7073F-744C-42A4-AE3C-763EB26D414D}.Release|Any CPU.ActiveCfg = Release|Any CPU
		{3DE7073F-744C-42A4-AE3C-763EB26D414D}.Release|Any CPU.Build.0 = Release|Any CPU
	EndGlobalSection
	GlobalSection(SolutionProperties) = preSolution
		HideSolutionNode = FALSE
	EndGlobalSection
EndGlobal
