
Microsoft Visual Studio Solution File, Format Version 10.00
# Visual Studio 2008
Project("{FAE04EC0-301F-11D3-BF4B-00C04F79EFBC}") = "ICar", "ICar\ICar.csproj", "{F6A4F341-FDAE-4024-BA65-3B34B479BDFE}"
EndProject
Global
	GlobalSection(SolutionConfigurationPlatforms) = preSolution
		Debug|Any CPU = Debug|Any CPU
		Release|Any CPU = Release|Any CPU
	EndGlobalSection
	GlobalSection(ProjectConfigurationPlatforms) = postSolution
		{F6A4F341-FDAE-4024-BA65-3B34B479BDFE}.Debug|Any CPU.ActiveCfg = Debug|Any CPU
		{F6A4F341-FDAE-4024-BA65-3B34B479BDFE}.Debug|Any CPU.Build.0 = Debug|Any CPU
		{F6A4F341-FDAE-4024-BA65-3B34B479BDFE}.Release|Any CPU.ActiveCfg = Release|Any CPU
		{F6A4F341-FDAE-4024-BA65-3B34B479BDFE}.Release|Any CPU.Build.0 = Release|Any CPU
	EndGlobalSection
	GlobalSection(SolutionProperties) = preSolution
		HideSolutionNode = FALSE
	EndGlobalSection
EndGlobal
