
Microsoft Visual Studio Solution File, Format Version 10.00
# Visual Studio 2008
Project("{FAE04EC0-301F-11D3-BF4B-00C04F79EFBC}") = "WriteLine", "WriteLine\WriteLine.csproj", "{3EDBE59F-2120-49CD-9A00-EDBFECA51DEC}"
EndProject
Global
	GlobalSection(SolutionConfigurationPlatforms) = preSolution
		Debug|Any CPU = Debug|Any CPU
		Release|Any CPU = Release|Any CPU
	EndGlobalSection
	GlobalSection(ProjectConfigurationPlatforms) = postSolution
		{3EDBE59F-2120-49CD-9A00-EDBFECA51DEC}.Debug|Any CPU.ActiveCfg = Debug|Any CPU
		{3EDBE59F-2120-49CD-9A00-EDBFECA51DEC}.Debug|Any CPU.Build.0 = Debug|Any CPU
		{3EDBE59F-2120-49CD-9A00-EDBFECA51DEC}.Release|Any CPU.ActiveCfg = Release|Any CPU
		{3EDBE59F-2120-49CD-9A00-EDBFECA51DEC}.Release|Any CPU.Build.0 = Release|Any CPU
	EndGlobalSection
	GlobalSection(SolutionProperties) = preSolution
		HideSolutionNode = FALSE
	EndGlobalSection
EndGlobal
