
Microsoft Visual Studio Solution File, Format Version 10.00
# Visual Studio 2008
Project("{FAE04EC0-301F-11D3-BF4B-00C04F79EFBC}") = "HiUpdate", "HiUpdate\HiUpdate.csproj", "{C2B03EF5-6BA7-4057-A7B7-41777871023A}"
EndProject
Global
	GlobalSection(SolutionConfigurationPlatforms) = preSolution
		Debug|Any CPU = Debug|Any CPU
		Release|Any CPU = Release|Any CPU
	EndGlobalSection
	GlobalSection(ProjectConfigurationPlatforms) = postSolution
		{C2B03EF5-6BA7-4057-A7B7-41777871023A}.Debug|Any CPU.ActiveCfg = Debug|Any CPU
		{C2B03EF5-6BA7-4057-A7B7-41777871023A}.Debug|Any CPU.Build.0 = Debug|Any CPU
		{C2B03EF5-6BA7-4057-A7B7-41777871023A}.Release|Any CPU.ActiveCfg = Release|Any CPU
		{C2B03EF5-6BA7-4057-A7B7-41777871023A}.Release|Any CPU.Build.0 = Release|Any CPU
	EndGlobalSection
	GlobalSection(SolutionProperties) = preSolution
		HideSolutionNode = FALSE
	EndGlobalSection
EndGlobal
