
Microsoft Visual Studio Solution File, Format Version 10.00
# Visual Studio 2008
Project("{FAE04EC0-301F-11D3-BF4B-00C04F79EFBC}") = "DeleAssign", "DeleAssign\DeleAssign.csproj", "{60BBCE14-0A4E-4DE7-B4FF-7F639A7C5662}"
EndProject
Global
	GlobalSection(SolutionConfigurationPlatforms) = preSolution
		Debug|Any CPU = Debug|Any CPU
		Release|Any CPU = Release|Any CPU
	EndGlobalSection
	GlobalSection(ProjectConfigurationPlatforms) = postSolution
		{60BBCE14-0A4E-4DE7-B4FF-7F639A7C5662}.Debug|Any CPU.ActiveCfg = Debug|Any CPU
		{60BBCE14-0A4E-4DE7-B4FF-7F639A7C5662}.Debug|Any CPU.Build.0 = Debug|Any CPU
		{60BBCE14-0A4E-4DE7-B4FF-7F639A7C5662}.Release|Any CPU.ActiveCfg = Release|Any CPU
		{60BBCE14-0A4E-4DE7-B4FF-7F639A7C5662}.Release|Any CPU.Build.0 = Release|Any CPU
	EndGlobalSection
	GlobalSection(SolutionProperties) = preSolution
		HideSolutionNode = FALSE
	EndGlobalSection
EndGlobal
