
Microsoft Visual Studio Solution File, Format Version 10.00
# Visual Studio 2008
Project("{FAE04EC0-301F-11D3-BF4B-00C04F79EFBC}") = "ShareClient", "ShareClient\ShareClient.csproj", "{CC0F509B-9950-4D9B-8D4D-AA5E295C31F7}"
EndProject
Global
	GlobalSection(SolutionConfigurationPlatforms) = preSolution
		Debug|Any CPU = Debug|Any CPU
		Release|Any CPU = Release|Any CPU
	EndGlobalSection
	GlobalSection(ProjectConfigurationPlatforms) = postSolution
		{CC0F509B-9950-4D9B-8D4D-AA5E295C31F7}.Debug|Any CPU.ActiveCfg = Debug|Any CPU
		{CC0F509B-9950-4D9B-8D4D-AA5E295C31F7}.Debug|Any CPU.Build.0 = Debug|Any CPU
		{CC0F509B-9950-4D9B-8D4D-AA5E295C31F7}.Release|Any CPU.ActiveCfg = Release|Any CPU
		{CC0F509B-9950-4D9B-8D4D-AA5E295C31F7}.Release|Any CPU.Build.0 = Release|Any CPU
	EndGlobalSection
	GlobalSection(SolutionProperties) = preSolution
		HideSolutionNode = FALSE
	EndGlobalSection
EndGlobal
