
Microsoft Visual Studio Solution File, Format Version 12.00
# Visual Studio 14
VisualStudioVersion = 14.0.25420.1
MinimumVisualStudioVersion = 10.0.40219.1
Project("{FAE04EC0-301F-11D3-BF4B-00C04F79EFBC}") = "1019DC실습", "1019DC실습\1019DC실습.csproj", "{FE4B11E4-7E5C-4531-9C3B-7F5CA88C4159}"
EndProject
Global
	GlobalSection(SolutionConfigurationPlatforms) = preSolution
		Debug|Any CPU = Debug|Any CPU
		Release|Any CPU = Release|Any CPU
	EndGlobalSection
	GlobalSection(ProjectConfigurationPlatforms) = postSolution
		{FE4B11E4-7E5C-4531-9C3B-7F5CA88C4159}.Debug|Any CPU.ActiveCfg = Debug|Any CPU
		{FE4B11E4-7E5C-4531-9C3B-7F5CA88C4159}.Debug|Any CPU.Build.0 = Debug|Any CPU
		{FE4B11E4-7E5C-4531-9C3B-7F5CA88C4159}.Release|Any CPU.ActiveCfg = Release|Any CPU
		{FE4B11E4-7E5C-4531-9C3B-7F5CA88C4159}.Release|Any CPU.Build.0 = Release|Any CPU
	EndGlobalSection
	GlobalSection(SolutionProperties) = preSolution
		HideSolutionNode = FALSE
	EndGlobalSection
EndGlobal
