
Microsoft Visual Studio Solution File, Format Version 12.00
# Visual Studio Version 16
VisualStudioVersion = 16.0.30621.155
MinimumVisualStudioVersion = 10.0.40219.1
Project("{FAE04EC0-301F-11D3-BF4B-00C04F79EFBC}") = "1116", "1116\1116.csproj", "{44F52ED8-F4F9-48C4-9D08-D168A3C5E994}"
EndProject
Global
	GlobalSection(SolutionConfigurationPlatforms) = preSolution
		Debug|Any CPU = Debug|Any CPU
		Release|Any CPU = Release|Any CPU
	EndGlobalSection
	GlobalSection(ProjectConfigurationPlatforms) = postSolution
		{44F52ED8-F4F9-48C4-9D08-D168A3C5E994}.Debug|Any CPU.ActiveCfg = Debug|Any CPU
		{44F52ED8-F4F9-48C4-9D08-D168A3C5E994}.Debug|Any CPU.Build.0 = Debug|Any CPU
		{44F52ED8-F4F9-48C4-9D08-D168A3C5E994}.Release|Any CPU.ActiveCfg = Release|Any CPU
		{44F52ED8-F4F9-48C4-9D08-D168A3C5E994}.Release|Any CPU.Build.0 = Release|Any CPU
	EndGlobalSection
	GlobalSection(SolutionProperties) = preSolution
		HideSolutionNode = FALSE
	EndGlobalSection
	GlobalSection(ExtensibilityGlobals) = postSolution
		SolutionGuid = {9DE9E08B-6DCD-46D1-AAD0-CA97B1983614}
	EndGlobalSection
EndGlobal
