
Microsoft Visual Studio Solution File, Format Version 10.00
# Visual Studio 2008
Project("{FAE04EC0-301F-11D3-BF4B-00C04F79EFBC}") = "SubQuery", "SubQuery\SubQuery.csproj", "{39216764-41BD-47A7-B6BD-1A889C0E2EBD}"
EndProject
Global
	GlobalSection(SolutionConfigurationPlatforms) = preSolution
		Debug|Any CPU = Debug|Any CPU
		Release|Any CPU = Release|Any CPU
	EndGlobalSection
	GlobalSection(ProjectConfigurationPlatforms) = postSolution
		{39216764-41BD-47A7-B6BD-1A889C0E2EBD}.Debug|Any CPU.ActiveCfg = Debug|Any CPU
		{39216764-41BD-47A7-B6BD-1A889C0E2EBD}.Debug|Any CPU.Build.0 = Debug|Any CPU
		{39216764-41BD-47A7-B6BD-1A889C0E2EBD}.Release|Any CPU.ActiveCfg = Release|Any CPU
		{39216764-41BD-47A7-B6BD-1A889C0E2EBD}.Release|Any CPU.Build.0 = Release|Any CPU
	EndGlobalSection
	GlobalSection(SolutionProperties) = preSolution
		HideSolutionNode = FALSE
	EndGlobalSection
EndGlobal
