
Microsoft Visual Studio Solution File, Format Version 10.00
# Visual Studio 2008
Project("{FAE04EC0-301F-11D3-BF4B-00C04F79EFBC}") = "StringPath", "StringPath\StringPath.csproj", "{98C00AEF-29C9-46DC-AE74-FA9AE189A19B}"
EndProject
Global
	GlobalSection(SolutionConfigurationPlatforms) = preSolution
		Debug|Any CPU = Debug|Any CPU
		Release|Any CPU = Release|Any CPU
	EndGlobalSection
	GlobalSection(ProjectConfigurationPlatforms) = postSolution
		{98C00AEF-29C9-46DC-AE74-FA9AE189A19B}.Debug|Any CPU.ActiveCfg = Debug|Any CPU
		{98C00AEF-29C9-46DC-AE74-FA9AE189A19B}.Debug|Any CPU.Build.0 = Debug|Any CPU
		{98C00AEF-29C9-46DC-AE74-FA9AE189A19B}.Release|Any CPU.ActiveCfg = Release|Any CPU
		{98C00AEF-29C9-46DC-AE74-FA9AE189A19B}.Release|Any CPU.Build.0 = Release|Any CPU
	EndGlobalSection
	GlobalSection(SolutionProperties) = preSolution
		HideSolutionNode = FALSE
	EndGlobalSection
EndGlobal
