
Microsoft Visual Studio Solution File, Format Version 10.00
# Visual Studio 2008
Project("{FAE04EC0-301F-11D3-BF4B-00C04F79EFBC}") = "AnonPara", "AnonPara\AnonPara.csproj", "{4B1E32AC-F048-4F6D-A2C2-5CCC6A4A6525}"
EndProject
Global
	GlobalSection(SolutionConfigurationPlatforms) = preSolution
		Debug|Any CPU = Debug|Any CPU
		Release|Any CPU = Release|Any CPU
	EndGlobalSection
	GlobalSection(ProjectConfigurationPlatforms) = postSolution
		{4B1E32AC-F048-4F6D-A2C2-5CCC6A4A6525}.Debug|Any CPU.ActiveCfg = Debug|Any CPU
		{4B1E32AC-F048-4F6D-A2C2-5CCC6A4A6525}.Debug|Any CPU.Build.0 = Debug|Any CPU
		{4B1E32AC-F048-4F6D-A2C2-5CCC6A4A6525}.Release|Any CPU.ActiveCfg = Release|Any CPU
		{4B1E32AC-F048-4F6D-A2C2-5CCC6A4A6525}.Release|Any CPU.Build.0 = Release|Any CPU
	EndGlobalSection
	GlobalSection(SolutionProperties) = preSolution
		HideSolutionNode = FALSE
	EndGlobalSection
EndGlobal
