
Microsoft Visual Studio Solution File, Format Version 9.00
# Visual Studio 2005
Project("{FAE04EC0-301F-11D3-BF4B-00C04F79EFBC}") = "ListViewExam", "ListViewExam\ListViewExam.csproj", "{A467FE64-8970-490A-A913-1C5B02139B1B}"
EndProject
Global
	GlobalSection(SolutionConfigurationPlatforms) = preSolution
		Debug|Any CPU = Debug|Any CPU
		Release|Any CPU = Release|Any CPU
	EndGlobalSection
	GlobalSection(ProjectConfigurationPlatforms) = postSolution
		{A467FE64-8970-490A-A913-1C5B02139B1B}.Debug|Any CPU.ActiveCfg = Debug|Any CPU
		{A467FE64-8970-490A-A913-1C5B02139B1B}.Debug|Any CPU.Build.0 = Debug|Any CPU
		{A467FE64-8970-490A-A913-1C5B02139B1B}.Release|Any CPU.ActiveCfg = Release|Any CPU
		{A467FE64-8970-490A-A913-1C5B02139B1B}.Release|Any CPU.Build.0 = Release|Any CPU
	EndGlobalSection
	GlobalSection(SolutionProperties) = preSolution
		HideSolutionNode = FALSE
	EndGlobalSection
EndGlobal
