
Microsoft Visual Studio Solution File, Format Version 9.00
# Visual Studio 2005
Project("{8BC9CEB8-8B4A-11D0-8D11-00A0C91BC942}") = "ComboBox", "ComboBox.vcproj", "{6552493A-9897-4821-BB59-E8FF193DCFE4}"
EndProject
Global
	GlobalSection(SolutionConfigurationPlatforms) = preSolution
		Debug|Win32 = Debug|Win32
		Release|Win32 = Release|Win32
	EndGlobalSection
	GlobalSection(ProjectConfigurationPlatforms) = postSolution
		{6552493A-9897-4821-BB59-E8FF193DCFE4}.Debug|Win32.ActiveCfg = Debug|Win32
		{6552493A-9897-4821-BB59-E8FF193DCFE4}.Debug|Win32.Build.0 = Debug|Win32
		{6552493A-9897-4821-BB59-E8FF193DCFE4}.Release|Win32.ActiveCfg = Release|Win32
		{6552493A-9897-4821-BB59-E8FF193DCFE4}.Release|Win32.Build.0 = Release|Win32
	EndGlobalSection
	GlobalSection(SolutionProperties) = preSolution
		HideSolutionNode = FALSE
	EndGlobalSection
EndGlobal
