
Microsoft Visual Studio Solution File, Format Version 10.00
# Visual Studio 2008
Project("{FAE04EC0-301F-11D3-BF4B-00C04F79EFBC}") = "FileStreamTest", "FileStreamTest\FileStreamTest.csproj", "{C9DD5D78-1397-4B04-933D-3D01F70B1AF1}"
EndProject
Global
	GlobalSection(SolutionConfigurationPlatforms) = preSolution
		Debug|Any CPU = Debug|Any CPU
		Release|Any CPU = Release|Any CPU
	EndGlobalSection
	GlobalSection(ProjectConfigurationPlatforms) = postSolution
		{C9DD5D78-1397-4B04-933D-3D01F70B1AF1}.Debug|Any CPU.ActiveCfg = Debug|Any CPU
		{C9DD5D78-1397-4B04-933D-3D01F70B1AF1}.Debug|Any CPU.Build.0 = Debug|Any CPU
		{C9DD5D78-1397-4B04-933D-3D01F70B1AF1}.Release|Any CPU.ActiveCfg = Release|Any CPU
		{C9DD5D78-1397-4B04-933D-3D01F70B1AF1}.Release|Any CPU.Build.0 = Release|Any CPU
	EndGlobalSection
	GlobalSection(SolutionProperties) = preSolution
		HideSolutionNode = FALSE
	EndGlobalSection
EndGlobal
