
Microsoft Visual Studio Solution File, Format Version 10.00
# Visual Studio 2008
Project("{FAE04EC0-301F-11D3-BF4B-00C04F79EFBC}") = "Thread", "Thread\Thread.csproj", "{E2191F88-8532-461E-BB0F-7E0F7D45F59D}"
EndProject
Global
	GlobalSection(SolutionConfigurationPlatforms) = preSolution
		Debug|Any CPU = Debug|Any CPU
		Release|Any CPU = Release|Any CPU
	EndGlobalSection
	GlobalSection(ProjectConfigurationPlatforms) = postSolution
		{E2191F88-8532-461E-BB0F-7E0F7D45F59D}.Debug|Any CPU.ActiveCfg = Debug|Any CPU
		{E2191F88-8532-461E-BB0F-7E0F7D45F59D}.Debug|Any CPU.Build.0 = Debug|Any CPU
		{E2191F88-8532-461E-BB0F-7E0F7D45F59D}.Release|Any CPU.ActiveCfg = Release|Any CPU
		{E2191F88-8532-461E-BB0F-7E0F7D45F59D}.Release|Any CPU.Build.0 = Release|Any CPU
	EndGlobalSection
	GlobalSection(SolutionProperties) = preSolution
		HideSolutionNode = FALSE
	EndGlobalSection
EndGlobal
