
Microsoft Visual Studio Solution File, Format Version 10.00
# Visual Studio 2008
Project("{FAE04EC0-301F-11D3-BF4B-00C04F79EFBC}") = "RunNotepad", "RunNotepad\RunNotepad.csproj", "{AAAF7158-9DF0-4082-A4B4-8F3F43200F6A}"
EndProject
Global
	GlobalSection(SolutionConfigurationPlatforms) = preSolution
		Debug|Any CPU = Debug|Any CPU
		Release|Any CPU = Release|Any CPU
	EndGlobalSection
	GlobalSection(ProjectConfigurationPlatforms) = postSolution
		{AAAF7158-9DF0-4082-A4B4-8F3F43200F6A}.Debug|Any CPU.ActiveCfg = Debug|Any CPU
		{AAAF7158-9DF0-4082-A4B4-8F3F43200F6A}.Debug|Any CPU.Build.0 = Debug|Any CPU
		{AAAF7158-9DF0-4082-A4B4-8F3F43200F6A}.Release|Any CPU.ActiveCfg = Release|Any CPU
		{AAAF7158-9DF0-4082-A4B4-8F3F43200F6A}.Release|Any CPU.Build.0 = Release|Any CPU
	EndGlobalSection
	GlobalSection(SolutionProperties) = preSolution
		HideSolutionNode = FALSE
	EndGlobalSection
EndGlobal
