
Microsoft Visual Studio Solution File, Format Version 12.00
# Visual Studio Version 16
VisualStudioVersion = 16.0.30011.22
MinimumVisualStudioVersion = 10.0.40219.1
Project("{8BC9CEB8-8B4A-11D0-8D11-00A0C91BC942}") = "0924오후", "0924오후\0924오후.vcxproj", "{99BC104C-9471-4F40-A17F-87D58A7DDEA8}"
EndProject
Global
	GlobalSection(SolutionConfigurationPlatforms) = preSolution
		Debug|x64 = Debug|x64
		Debug|x86 = Debug|x86
		Release|x64 = Release|x64
		Release|x86 = Release|x86
	EndGlobalSection
	GlobalSection(ProjectConfigurationPlatforms) = postSolution
		{99BC104C-9471-4F40-A17F-87D58A7DDEA8}.Debug|x64.ActiveCfg = Debug|x64
		{99BC104C-9471-4F40-A17F-87D58A7DDEA8}.Debug|x64.Build.0 = Debug|x64
		{99BC104C-9471-4F40-A17F-87D58A7DDEA8}.Debug|x86.ActiveCfg = Debug|Win32
		{99BC104C-9471-4F40-A17F-87D58A7DDEA8}.Debug|x86.Build.0 = Debug|Win32
		{99BC104C-9471-4F40-A17F-87D58A7DDEA8}.Release|x64.ActiveCfg = Release|x64
		{99BC104C-9471-4F40-A17F-87D58A7DDEA8}.Release|x64.Build.0 = Release|x64
		{99BC104C-9471-4F40-A17F-87D58A7DDEA8}.Release|x86.ActiveCfg = Release|Win32
		{99BC104C-9471-4F40-A17F-87D58A7DDEA8}.Release|x86.Build.0 = Release|Win32
	EndGlobalSection
	GlobalSection(SolutionProperties) = preSolution
		HideSolutionNode = FALSE
	EndGlobalSection
	GlobalSection(ExtensibilityGlobals) = postSolution
		SolutionGuid = {D4871225-963D-45E3-8B44-8E092150B769}
	EndGlobalSection
EndGlobal
