
Microsoft Visual Studio Solution File, Format Version 10.00
# Visual Studio 2008
Project("{FAE04EC0-301F-11D3-BF4B-00C04F79EFBC}") = "TimePlusPlus", "TimePlusPlus\TimePlusPlus.csproj", "{7A68FA12-B3BB-4027-976C-E4DF16AFCA18}"
EndProject
Global
	GlobalSection(SolutionConfigurationPlatforms) = preSolution
		Debug|Any CPU = Debug|Any CPU
		Release|Any CPU = Release|Any CPU
	EndGlobalSection
	GlobalSection(ProjectConfigurationPlatforms) = postSolution
		{7A68FA12-B3BB-4027-976C-E4DF16AFCA18}.Debug|Any CPU.ActiveCfg = Debug|Any CPU
		{7A68FA12-B3BB-4027-976C-E4DF16AFCA18}.Debug|Any CPU.Build.0 = Debug|Any CPU
		{7A68FA12-B3BB-4027-976C-E4DF16AFCA18}.Release|Any CPU.ActiveCfg = Release|Any CPU
		{7A68FA12-B3BB-4027-976C-E4DF16AFCA18}.Release|Any CPU.Build.0 = Release|Any CPU
	EndGlobalSection
	GlobalSection(SolutionProperties) = preSolution
		HideSolutionNode = FALSE
	EndGlobalSection
EndGlobal
