
Microsoft Visual Studio Solution File, Format Version 10.00
# Visual Studio 2008
Project("{FAE04EC0-301F-11D3-BF4B-00C04F79EFBC}") = "HideMethod", "HideMethod\HideMethod.csproj", "{F138C966-AC2B-4814-8F52-D79B0CDE0271}"
EndProject
Global
	GlobalSection(SolutionConfigurationPlatforms) = preSolution
		Debug|Any CPU = Debug|Any CPU
		Release|Any CPU = Release|Any CPU
	EndGlobalSection
	GlobalSection(ProjectConfigurationPlatforms) = postSolution
		{F138C966-AC2B-4814-8F52-D79B0CDE0271}.Debug|Any CPU.ActiveCfg = Debug|Any CPU
		{F138C966-AC2B-4814-8F52-D79B0CDE0271}.Debug|Any CPU.Build.0 = Debug|Any CPU
		{F138C966-AC2B-4814-8F52-D79B0CDE0271}.Release|Any CPU.ActiveCfg = Release|Any CPU
		{F138C966-AC2B-4814-8F52-D79B0CDE0271}.Release|Any CPU.Build.0 = Release|Any CPU
	EndGlobalSection
	GlobalSection(SolutionProperties) = preSolution
		HideSolutionNode = FALSE
	EndGlobalSection
EndGlobal
