
Microsoft Visual Studio Solution File, Format Version 9.00
# Visual Studio 2005
Project("{FAE04EC0-301F-11D3-BF4B-00C04F79EFBC}") = "MenuExam", "MenuExam\MenuExam.csproj", "{F57BB70F-3A4C-4325-A9E9-58509134BA92}"
EndProject
Global
	GlobalSection(SolutionConfigurationPlatforms) = preSolution
		Debug|Any CPU = Debug|Any CPU
		Release|Any CPU = Release|Any CPU
	EndGlobalSection
	GlobalSection(ProjectConfigurationPlatforms) = postSolution
		{F57BB70F-3A4C-4325-A9E9-58509134BA92}.Debug|Any CPU.ActiveCfg = Debug|Any CPU
		{F57BB70F-3A4C-4325-A9E9-58509134BA92}.Debug|Any CPU.Build.0 = Debug|Any CPU
		{F57BB70F-3A4C-4325-A9E9-58509134BA92}.Release|Any CPU.ActiveCfg = Release|Any CPU
		{F57BB70F-3A4C-4325-A9E9-58509134BA92}.Release|Any CPU.Build.0 = Release|Any CPU
	EndGlobalSection
	GlobalSection(SolutionProperties) = preSolution
		HideSolutionNode = FALSE
	EndGlobalSection
EndGlobal
