
Microsoft Visual Studio Solution File, Format Version 10.00
# Visual Studio 2008
Project("{FAE04EC0-301F-11D3-BF4B-00C04F79EFBC}") = "MultiCast", "MultiCast\MultiCast.csproj", "{29978144-014F-4278-B3EE-54D05281626F}"
EndProject
Global
	GlobalSection(SolutionConfigurationPlatforms) = preSolution
		Debug|Any CPU = Debug|Any CPU
		Release|Any CPU = Release|Any CPU
	EndGlobalSection
	GlobalSection(ProjectConfigurationPlatforms) = postSolution
		{29978144-014F-4278-B3EE-54D05281626F}.Debug|Any CPU.ActiveCfg = Debug|Any CPU
		{29978144-014F-4278-B3EE-54D05281626F}.Debug|Any CPU.Build.0 = Debug|Any CPU
		{29978144-014F-4278-B3EE-54D05281626F}.Release|Any CPU.ActiveCfg = Release|Any CPU
		{29978144-014F-4278-B3EE-54D05281626F}.Release|Any CPU.Build.0 = Release|Any CPU
	EndGlobalSection
	GlobalSection(SolutionProperties) = preSolution
		HideSolutionNode = FALSE
	EndGlobalSection
EndGlobal
