
Microsoft Visual Studio Solution File, Format Version 12.00
# Visual Studio Version 16
VisualStudioVersion = 16.0.30523.141
MinimumVisualStudioVersion = 10.0.40219.1
Project("{FAE04EC0-301F-11D3-BF4B-00C04F79EFBC}") = "1027", "1027\1027.csproj", "{AA8388A5-B08C-4E2B-8C2A-84E76E6E8FA1}"
EndProject
Global
	GlobalSection(SolutionConfigurationPlatforms) = preSolution
		Debug|Any CPU = Debug|Any CPU
		Release|Any CPU = Release|Any CPU
	EndGlobalSection
	GlobalSection(ProjectConfigurationPlatforms) = postSolution
		{AA8388A5-B08C-4E2B-8C2A-84E76E6E8FA1}.Debug|Any CPU.ActiveCfg = Debug|Any CPU
		{AA8388A5-B08C-4E2B-8C2A-84E76E6E8FA1}.Debug|Any CPU.Build.0 = Debug|Any CPU
		{AA8388A5-B08C-4E2B-8C2A-84E76E6E8FA1}.Release|Any CPU.ActiveCfg = Release|Any CPU
		{AA8388A5-B08C-4E2B-8C2A-84E76E6E8FA1}.Release|Any CPU.Build.0 = Release|Any CPU
	EndGlobalSection
	GlobalSection(SolutionProperties) = preSolution
		HideSolutionNode = FALSE
	EndGlobalSection
	GlobalSection(ExtensibilityGlobals) = postSolution
		SolutionGuid = {16A8A76D-EAAC-4037-9BE8-0E56FDDAA6A8}
	EndGlobalSection
EndGlobal
