
Microsoft Visual Studio Solution File, Format Version 10.00
# Visual Studio 2008
Project("{FAE04EC0-301F-11D3-BF4B-00C04F79EFBC}") = "Callback3", "Callback3\Callback3.csproj", "{4E14E199-0B50-4A2B-B504-9F04F092539D}"
EndProject
Global
	GlobalSection(SolutionConfigurationPlatforms) = preSolution
		Debug|Any CPU = Debug|Any CPU
		Release|Any CPU = Release|Any CPU
	EndGlobalSection
	GlobalSection(ProjectConfigurationPlatforms) = postSolution
		{4E14E199-0B50-4A2B-B504-9F04F092539D}.Debug|Any CPU.ActiveCfg = Debug|Any CPU
		{4E14E199-0B50-4A2B-B504-9F04F092539D}.Debug|Any CPU.Build.0 = Debug|Any CPU
		{4E14E199-0B50-4A2B-B504-9F04F092539D}.Release|Any CPU.ActiveCfg = Release|Any CPU
		{4E14E199-0B50-4A2B-B504-9F04F092539D}.Release|Any CPU.Build.0 = Release|Any CPU
	EndGlobalSection
	GlobalSection(SolutionProperties) = preSolution
		HideSolutionNode = FALSE
	EndGlobalSection
EndGlobal
