
Microsoft Visual Studio Solution File, Format Version 10.00
# Visual Studio 2008
Project("{FAE04EC0-301F-11D3-BF4B-00C04F79EFBC}") = "MatrixTest", "MatrixTest\MatrixTest.csproj", "{DA381862-D3E2-4EB6-8929-7A693086810E}"
EndProject
Global
	GlobalSection(SolutionConfigurationPlatforms) = preSolution
		Debug|Any CPU = Debug|Any CPU
		Release|Any CPU = Release|Any CPU
	EndGlobalSection
	GlobalSection(ProjectConfigurationPlatforms) = postSolution
		{DA381862-D3E2-4EB6-8929-7A693086810E}.Debug|Any CPU.ActiveCfg = Debug|Any CPU
		{DA381862-D3E2-4EB6-8929-7A693086810E}.Debug|Any CPU.Build.0 = Debug|Any CPU
		{DA381862-D3E2-4EB6-8929-7A693086810E}.Release|Any CPU.ActiveCfg = Release|Any CPU
		{DA381862-D3E2-4EB6-8929-7A693086810E}.Release|Any CPU.Build.0 = Release|Any CPU
	EndGlobalSection
	GlobalSection(SolutionProperties) = preSolution
		HideSolutionNode = FALSE
	EndGlobalSection
EndGlobal
