
Microsoft Visual Studio Solution File, Format Version 10.00
# Visual Studio 2008
Project("{FAE04EC0-301F-11D3-BF4B-00C04F79EFBC}") = "MenuTest", "MenuTest\MenuTest.csproj", "{A77E5485-E49F-48DB-88CE-F21B815870EE}"
EndProject
Global
	GlobalSection(SolutionConfigurationPlatforms) = preSolution
		Debug|Any CPU = Debug|Any CPU
		Release|Any CPU = Release|Any CPU
	EndGlobalSection
	GlobalSection(ProjectConfigurationPlatforms) = postSolution
		{A77E5485-E49F-48DB-88CE-F21B815870EE}.Debug|Any CPU.ActiveCfg = Debug|Any CPU
		{A77E5485-E49F-48DB-88CE-F21B815870EE}.Debug|Any CPU.Build.0 = Debug|Any CPU
		{A77E5485-E49F-48DB-88CE-F21B815870EE}.Release|Any CPU.ActiveCfg = Release|Any CPU
		{A77E5485-E49F-48DB-88CE-F21B815870EE}.Release|Any CPU.Build.0 = Release|Any CPU
	EndGlobalSection
	GlobalSection(SolutionProperties) = preSolution
		HideSolutionNode = FALSE
	EndGlobalSection
EndGlobal
