
Microsoft Visual Studio Solution File, Format Version 10.00
# Visual Studio 2008
Project("{FAE04EC0-301F-11D3-BF4B-00C04F79EFBC}") = "ToolTipTest", "ToolTipTest\ToolTipTest.csproj", "{53DB13C8-F07A-47E0-984E-0DFF71DC1AFD}"
EndProject
Global
	GlobalSection(SolutionConfigurationPlatforms) = preSolution
		Debug|Any CPU = Debug|Any CPU
		Release|Any CPU = Release|Any CPU
	EndGlobalSection
	GlobalSection(ProjectConfigurationPlatforms) = postSolution
		{53DB13C8-F07A-47E0-984E-0DFF71DC1AFD}.Debug|Any CPU.ActiveCfg = Debug|Any CPU
		{53DB13C8-F07A-47E0-984E-0DFF71DC1AFD}.Debug|Any CPU.Build.0 = Debug|Any CPU
		{53DB13C8-F07A-47E0-984E-0DFF71DC1AFD}.Release|Any CPU.ActiveCfg = Release|Any CPU
		{53DB13C8-F07A-47E0-984E-0DFF71DC1AFD}.Release|Any CPU.Build.0 = Release|Any CPU
	EndGlobalSection
	GlobalSection(SolutionProperties) = preSolution
		HideSolutionNode = FALSE
	EndGlobalSection
EndGlobal
