
Microsoft Visual Studio Solution File, Format Version 10.00
# Visual Studio 2008
Project("{FAE04EC0-301F-11D3-BF4B-00C04F79EFBC}") = "TypedDataSet", "TypedDataSet\TypedDataSet.csproj", "{9A6D93B9-EBDD-4404-87C5-0D537BC5CD96}"
EndProject
Global
	GlobalSection(SolutionConfigurationPlatforms) = preSolution
		Debug|Any CPU = Debug|Any CPU
		Release|Any CPU = Release|Any CPU
	EndGlobalSection
	GlobalSection(ProjectConfigurationPlatforms) = postSolution
		{9A6D93B9-EBDD-4404-87C5-0D537BC5CD96}.Debug|Any CPU.ActiveCfg = Debug|Any CPU
		{9A6D93B9-EBDD-4404-87C5-0D537BC5CD96}.Debug|Any CPU.Build.0 = Debug|Any CPU
		{9A6D93B9-EBDD-4404-87C5-0D537BC5CD96}.Release|Any CPU.ActiveCfg = Release|Any CPU
		{9A6D93B9-EBDD-4404-87C5-0D537BC5CD96}.Release|Any CPU.Build.0 = Release|Any CPU
	EndGlobalSection
	GlobalSection(SolutionProperties) = preSolution
		HideSolutionNode = FALSE
	EndGlobalSection
EndGlobal
