
Microsoft Visual Studio Solution File, Format Version 9.00
# Visual Studio 2005
Project("{FAE04EC0-301F-11D3-BF4B-00C04F79EFBC}") = "MenuExamWindow", "MenuExamWindow\MenuExamWindow.csproj", "{61983346-1B2E-4483-845B-DC2068C53A9C}"
EndProject
Global
	GlobalSection(SolutionConfigurationPlatforms) = preSolution
		Debug|Any CPU = Debug|Any CPU
		Release|Any CPU = Release|Any CPU
	EndGlobalSection
	GlobalSection(ProjectConfigurationPlatforms) = postSolution
		{61983346-1B2E-4483-845B-DC2068C53A9C}.Debug|Any CPU.ActiveCfg = Debug|Any CPU
		{61983346-1B2E-4483-845B-DC2068C53A9C}.Debug|Any CPU.Build.0 = Debug|Any CPU
		{61983346-1B2E-4483-845B-DC2068C53A9C}.Release|Any CPU.ActiveCfg = Release|Any CPU
		{61983346-1B2E-4483-845B-DC2068C53A9C}.Release|Any CPU.Build.0 = Release|Any CPU
	EndGlobalSection
	GlobalSection(SolutionProperties) = preSolution
		HideSolutionNode = FALSE
	EndGlobalSection
EndGlobal
