
Microsoft Visual Studio Solution File, Format Version 10.00
# Visual Studio 2008
Project("{FAE04EC0-301F-11D3-BF4B-00C04F79EFBC}") = "ClipString", "ClipString\ClipString.csproj", "{510C97F6-4BDD-400D-AB7D-0045E1ABF136}"
EndProject
Global
	GlobalSection(SolutionConfigurationPlatforms) = preSolution
		Debug|Any CPU = Debug|Any CPU
		Release|Any CPU = Release|Any CPU
	EndGlobalSection
	GlobalSection(ProjectConfigurationPlatforms) = postSolution
		{510C97F6-4BDD-400D-AB7D-0045E1ABF136}.Debug|Any CPU.ActiveCfg = Debug|Any CPU
		{510C97F6-4BDD-400D-AB7D-0045E1ABF136}.Debug|Any CPU.Build.0 = Debug|Any CPU
		{510C97F6-4BDD-400D-AB7D-0045E1ABF136}.Release|Any CPU.ActiveCfg = Release|Any CPU
		{510C97F6-4BDD-400D-AB7D-0045E1ABF136}.Release|Any CPU.Build.0 = Release|Any CPU
	EndGlobalSection
	GlobalSection(SolutionProperties) = preSolution
		HideSolutionNode = FALSE
	EndGlobalSection
EndGlobal
