
Microsoft Visual Studio Solution File, Format Version 10.00
# Visual Studio 2008
Project("{FAE04EC0-301F-11D3-BF4B-00C04F79EFBC}") = "override", "override\override.csproj", "{7E6EF90B-C228-4BFE-8A4E-C0F06A70A299}"
EndProject
Global
	GlobalSection(SolutionConfigurationPlatforms) = preSolution
		Debug|Any CPU = Debug|Any CPU
		Release|Any CPU = Release|Any CPU
	EndGlobalSection
	GlobalSection(ProjectConfigurationPlatforms) = postSolution
		{7E6EF90B-C228-4BFE-8A4E-C0F06A70A299}.Debug|Any CPU.ActiveCfg = Debug|Any CPU
		{7E6EF90B-C228-4BFE-8A4E-C0F06A70A299}.Debug|Any CPU.Build.0 = Debug|Any CPU
		{7E6EF90B-C228-4BFE-8A4E-C0F06A70A299}.Release|Any CPU.ActiveCfg = Release|Any CPU
		{7E6EF90B-C228-4BFE-8A4E-C0F06A70A299}.Release|Any CPU.Build.0 = Release|Any CPU
	EndGlobalSection
	GlobalSection(SolutionProperties) = preSolution
		HideSolutionNode = FALSE
	EndGlobalSection
EndGlobal
