
Microsoft Visual Studio Solution File, Format Version 11.00
# Visual Studio 2010
Project("{FAE04EC0-301F-11D3-BF4B-00C04F79EFBC}") = "20110517Paint", "20110517Paint\20110517Paint.csproj", "{51EEA84C-997C-4C15-A841-621B3FB6113E}"
EndProject
Global
	GlobalSection(SolutionConfigurationPlatforms) = preSolution
		Debug|x86 = Debug|x86
		Release|x86 = Release|x86
	EndGlobalSection
	GlobalSection(ProjectConfigurationPlatforms) = postSolution
		{51EEA84C-997C-4C15-A841-621B3FB6113E}.Debug|x86.ActiveCfg = Debug|x86
		{51EEA84C-997C-4C15-A841-621B3FB6113E}.Debug|x86.Build.0 = Debug|x86
		{51EEA84C-997C-4C15-A841-621B3FB6113E}.Release|x86.ActiveCfg = Release|x86
		{51EEA84C-997C-4C15-A841-621B3FB6113E}.Release|x86.Build.0 = Release|x86
	EndGlobalSection
	GlobalSection(SolutionProperties) = preSolution
		HideSolutionNode = FALSE
	EndGlobalSection
EndGlobal
