
Microsoft Visual Studio Solution File, Format Version 10.00
# Visual Studio 2008
Project("{FAE04EC0-301F-11D3-BF4B-00C04F79EFBC}") = "SplitterTest", "SplitterTest\SplitterTest.csproj", "{DBA486D5-B698-4E8C-824D-033455A1825C}"
EndProject
Global
	GlobalSection(SolutionConfigurationPlatforms) = preSolution
		Debug|Any CPU = Debug|Any CPU
		Release|Any CPU = Release|Any CPU
	EndGlobalSection
	GlobalSection(ProjectConfigurationPlatforms) = postSolution
		{DBA486D5-B698-4E8C-824D-033455A1825C}.Debug|Any CPU.ActiveCfg = Debug|Any CPU
		{DBA486D5-B698-4E8C-824D-033455A1825C}.Debug|Any CPU.Build.0 = Debug|Any CPU
		{DBA486D5-B698-4E8C-824D-033455A1825C}.Release|Any CPU.ActiveCfg = Release|Any CPU
		{DBA486D5-B698-4E8C-824D-033455A1825C}.Release|Any CPU.Build.0 = Release|Any CPU
	EndGlobalSection
	GlobalSection(SolutionProperties) = preSolution
		HideSolutionNode = FALSE
	EndGlobalSection
EndGlobal
